
Microsoft Visual Studio Solution File, Format Version 12.00
# Visual Studio 15
VisualStudioVersion = 15.0.27703.2035
MinimumVisualStudioVersion = 10.0.40219.1
Project("{8BC9CEB8-8B4A-11D0-8D11-00A0C91BC942}") = "decfile", "decfile\decfile.vcxproj", "{A3543650-5A6C-4DD6-8CE8-12FFDFA5FB5A}"
EndProject
Global
	GlobalSection(SolutionConfigurationPlatforms) = preSolution
		Debug|x64 = Debug|x64
		Debug|x86 = Debug|x86
		Release|x64 = Release|x64
		Release|x86 = Release|x86
	EndGlobalSection
	GlobalSection(ProjectConfigurationPlatforms) = postSolution
		{A3543650-5A6C-4DD6-8CE8-12FFDFA5FB5A}.Debug|x64.ActiveCfg = Debug|x64
		{A3543650-5A6C-4DD6-8CE8-12FFDFA5FB5A}.Debug|x64.Build.0 = Debug|x64
		{A3543650-5A6C-4DD6-8CE8-12FFDFA5FB5A}.Debug|x86.ActiveCfg = Debug|Win32
		{A3543650-5A6C-4DD6-8CE8-12FFDFA5FB5A}.Debug|x86.Build.0 = Debug|Win32
		{A3543650-5A6C-4DD6-8CE8-12FFDFA5FB5A}.Release|x64.ActiveCfg = Release|x64
		{A3543650-5A6C-4DD6-8CE8-12FFDFA5FB5A}.Release|x64.Build.0 = Release|x64
		{A3543650-5A6C-4DD6-8CE8-12FFDFA5FB5A}.Release|x86.ActiveCfg = Release|Win32
		{A3543650-5A6C-4DD6-8CE8-12FFDFA5FB5A}.Release|x86.Build.0 = Release|Win32
	EndGlobalSection
	GlobalSection(SolutionProperties) = preSolution
		HideSolutionNode = FALSE
	EndGlobalSection
	GlobalSection(ExtensibilityGlobals) = postSolution
		SolutionGuid = {1AF4AC1A-A0E6-42BA-A357-B3AE01070181}
	EndGlobalSection
EndGlobal
