
Microsoft Visual Studio Solution File, Format Version 12.00
# Visual Studio 15
VisualStudioVersion = 15.0.27703.2035
MinimumVisualStudioVersion = 10.0.40219.1
Project("{8BC9CEB8-8B4A-11D0-8D11-00A0C91BC942}") = "encfile", "encfile\encfile.vcxproj", "{13AB9BA6-25E0-4912-92F2-CA2DF51F118A}"
EndProject
Global
	GlobalSection(SolutionConfigurationPlatforms) = preSolution
		Debug|x64 = Debug|x64
		Debug|x86 = Debug|x86
		Release|x64 = Release|x64
		Release|x86 = Release|x86
	EndGlobalSection
	GlobalSection(ProjectConfigurationPlatforms) = postSolution
		{13AB9BA6-25E0-4912-92F2-CA2DF51F118A}.Debug|x64.ActiveCfg = Debug|x64
		{13AB9BA6-25E0-4912-92F2-CA2DF51F118A}.Debug|x64.Build.0 = Debug|x64
		{13AB9BA6-25E0-4912-92F2-CA2DF51F118A}.Debug|x86.ActiveCfg = Debug|Win32
		{13AB9BA6-25E0-4912-92F2-CA2DF51F118A}.Debug|x86.Build.0 = Debug|Win32
		{13AB9BA6-25E0-4912-92F2-CA2DF51F118A}.Release|x64.ActiveCfg = Release|x64
		{13AB9BA6-25E0-4912-92F2-CA2DF51F118A}.Release|x64.Build.0 = Release|x64
		{13AB9BA6-25E0-4912-92F2-CA2DF51F118A}.Release|x86.ActiveCfg = Release|Win32
		{13AB9BA6-25E0-4912-92F2-CA2DF51F118A}.Release|x86.Build.0 = Release|Win32
	EndGlobalSection
	GlobalSection(SolutionProperties) = preSolution
		HideSolutionNode = FALSE
	EndGlobalSection
	GlobalSection(ExtensibilityGlobals) = postSolution
		SolutionGuid = {6F7DFC10-ACA4-475B-84DB-5BDA2C434AE9}
	EndGlobalSection
EndGlobal
